// !$*UTF8*$!
{
	archiveVersion = 1;
	classes = {
	};
	objectVersion = 56;
	objects = {

/* Begin PBXBuildFile section */
		B9A7F0792C5E18B000B11A10 /* StorageManager.swift in Sources */ = {isa = PBXBuildFile; fileRef = B9A7F0782C5E18B000B11A10 /* StorageManager.swift */; };
		B9CAA28B2C5CC26300B85F47 /* FavoritesProtocol.swift in Sources */ = {isa = PBXBuildFile; fileRef = B9CAA28A2C5CC26300B85F47 /* FavoritesProtocol.swift */; };
		B9CAA28D2C5CC41800B85F47 /* FavStationModel.swift in Sources */ = {isa = PBXBuildFile; fileRef = B9CAA28C2C5CC41800B85F47 /* FavStationModel.swift */; };
		B9CAA28F2C5CC7AA00B85F47 /* FavoritesPresenter.swift in Sources */ = {isa = PBXBuildFile; fileRef = B9CAA28E2C5CC7AA00B85F47 /* FavoritesPresenter.swift */; };
		B9CAA2912C5CCBEE00B85F47 /* FavoritesBuilder.swift in Sources */ = {isa = PBXBuildFile; fileRef = B9CAA2902C5CCBEE00B85F47 /* FavoritesBuilder.swift */; };
		B9CAA2932C5CCC0000B85F47 /* FavoritesAssembly.swift in Sources */ = {isa = PBXBuildFile; fileRef = B9CAA2922C5CCC0000B85F47 /* FavoritesAssembly.swift */; };
		B9CAA2952C5CCC9D00B85F47 /* FavoritesRouter.swift in Sources */ = {isa = PBXBuildFile; fileRef = B9CAA2942C5CCC9D00B85F47 /* FavoritesRouter.swift */; };
		B9F3B8D92C59353C00DC97B0 /* FavoritesController.swift in Sources */ = {isa = PBXBuildFile; fileRef = B9F3B8D82C59353C00DC97B0 /* FavoritesController.swift */; };
		B9F3B8DB2C593AC500DC97B0 /* TableCell.swift in Sources */ = {isa = PBXBuildFile; fileRef = B9F3B8DA2C593AC500DC97B0 /* TableCell.swift */; };
		B9F3B8DD2C593C3200DC97B0 /* FavoriteRadioView.swift in Sources */ = {isa = PBXBuildFile; fileRef = B9F3B8DC2C593C3200DC97B0 /* FavoriteRadioView.swift */; };
		CB2C8C962C5698E400D280FE /* AppDelegate.swift in Sources */ = {isa = PBXBuildFile; fileRef = CB2C8C952C5698E400D280FE /* AppDelegate.swift */; };
		CB2C8C982C5698E400D280FE /* SceneDelegate.swift in Sources */ = {isa = PBXBuildFile; fileRef = CB2C8C972C5698E400D280FE /* SceneDelegate.swift */; };
		CB2C8CA02C5698E400D280FE /* RadioApp.xcdatamodeld in Sources */ = {isa = PBXBuildFile; fileRef = CB2C8C9E2C5698E400D280FE /* RadioApp.xcdatamodeld */; };
		CB2C8CA52C5698E600D280FE /* LaunchScreen.storyboard in Resources */ = {isa = PBXBuildFile; fileRef = CB2C8CA32C5698E600D280FE /* LaunchScreen.storyboard */; };
		CB2C8CB02C5767DF00D280FE /* Router.swift in Sources */ = {isa = PBXBuildFile; fileRef = CB2C8CAF2C5767DF00D280FE /* Router.swift */; };
		CB2C8CB32C5768CB00D280FE /* NavigationController.swift in Sources */ = {isa = PBXBuildFile; fileRef = CB2C8CB22C5768CB00D280FE /* NavigationController.swift */; };
		CB2C8CB52C576A5C00D280FE /* ViewController.swift in Sources */ = {isa = PBXBuildFile; fileRef = CB2C8CB42C576A5C00D280FE /* ViewController.swift */; };
		CB2C8CB72C57AACC00D280FE /* ModuleAssembly.swift in Sources */ = {isa = PBXBuildFile; fileRef = CB2C8CB62C57AACC00D280FE /* ModuleAssembly.swift */; };
		CB2C8CBA2C57AB5800D280FE /* Configurable.swift in Sources */ = {isa = PBXBuildFile; fileRef = CB2C8CB92C57AB5800D280FE /* Configurable.swift */; };
		CB2C8CC02C57B1A000D280FE /* TabBarController.swift in Sources */ = {isa = PBXBuildFile; fileRef = CB2C8CBF2C57B1A000D280FE /* TabBarController.swift */; };
		CB2C8CC82C57C8AB00D280FE /* Assets.xcassets in Resources */ = {isa = PBXBuildFile; fileRef = CB2C8CC72C57C8AB00D280FE /* Assets.xcassets */; };
		CBEA68762C5921C600200AF7 /* AuthorizationProtocols.swift in Sources */ = {isa = PBXBuildFile; fileRef = CBEA68752C5921C600200AF7 /* AuthorizationProtocols.swift */; };
		CBEA687C2C5926EC00200AF7 /* AuthorizationRouter.swift in Sources */ = {isa = PBXBuildFile; fileRef = CBEA687B2C5926EC00200AF7 /* AuthorizationRouter.swift */; };
		CBEA687E2C59272300200AF7 /* AuthorizationBuilder.swift in Sources */ = {isa = PBXBuildFile; fileRef = CBEA687D2C59272300200AF7 /* AuthorizationBuilder.swift */; };
		CBEA68802C5927CD00200AF7 /* AuthorizationAssembly.swift in Sources */ = {isa = PBXBuildFile; fileRef = CBEA687F2C5927CD00200AF7 /* AuthorizationAssembly.swift */; };
		CBEA68822C592E3800200AF7 /* AuthorizationController.swift in Sources */ = {isa = PBXBuildFile; fileRef = CBEA68812C592E3800200AF7 /* AuthorizationController.swift */; };
		CBEA68872C59306500200AF7 /* AuthorizationPresenter.swift in Sources */ = {isa = PBXBuildFile; fileRef = CBEA68862C59306500200AF7 /* AuthorizationPresenter.swift */; };
		CBEA688D2C593FA400200AF7 /* GoogleService-Info.plist in Resources */ = {isa = PBXBuildFile; fileRef = CBEA688C2C593FA400200AF7 /* GoogleService-Info.plist */; };
		CBEA68902C5941B200200AF7 /* FirebaseAuth in Frameworks */ = {isa = PBXBuildFile; productRef = CBEA688F2C5941B200200AF7 /* FirebaseAuth */; };
		CBEA68922C5941B200200AF7 /* FirebaseFirestore in Frameworks */ = {isa = PBXBuildFile; productRef = CBEA68912C5941B200200AF7 /* FirebaseFirestore */; };
		CBEA68942C5941B200200AF7 /* FirebaseStorage in Frameworks */ = {isa = PBXBuildFile; productRef = CBEA68932C5941B200200AF7 /* FirebaseStorage */; };
		CBEA68962C595B1300200AF7 /* AuthorizationField.swift in Sources */ = {isa = PBXBuildFile; fileRef = CBEA68952C595B1300200AF7 /* AuthorizationField.swift */; };
		CBEA68982C596A2900200AF7 /* UITextField+Padding.swift in Sources */ = {isa = PBXBuildFile; fileRef = CBEA68972C596A2800200AF7 /* UITextField+Padding.swift */; };
		CBEA68A12C5BB65500200AF7 /* ForgotPasswordController.swift in Sources */ = {isa = PBXBuildFile; fileRef = CBEA68A02C5BB65500200AF7 /* ForgotPasswordController.swift */; };
		CBEA68A52C5BB68F00200AF7 /* ForgotPasswordPresenter.swift in Sources */ = {isa = PBXBuildFile; fileRef = CBEA68A42C5BB68F00200AF7 /* ForgotPasswordPresenter.swift */; };
		CBEA68A72C5CDEA700200AF7 /* UpdatePasswordController.swift in Sources */ = {isa = PBXBuildFile; fileRef = CBEA68A62C5CDEA700200AF7 /* UpdatePasswordController.swift */; };
		CBEA68A92C5CDF6B00200AF7 /* UpdatePasswordPresenter.swift in Sources */ = {isa = PBXBuildFile; fileRef = CBEA68A82C5CDF6B00200AF7 /* UpdatePasswordPresenter.swift */; };
		CBEA68AC2C5D046100200AF7 /* OnboardingController.swift in Sources */ = {isa = PBXBuildFile; fileRef = CBEA68AB2C5D046100200AF7 /* OnboardingController.swift */; };
		CBEA68AF2C5D052300200AF7 /* OnboardingPresenter.swift in Sources */ = {isa = PBXBuildFile; fileRef = CBEA68AE2C5D052300200AF7 /* OnboardingPresenter.swift */; };
		CBEA68B12C5D070700200AF7 /* OnboardingRouter.swift in Sources */ = {isa = PBXBuildFile; fileRef = CBEA68B02C5D070700200AF7 /* OnboardingRouter.swift */; };
		CBEA68B32C5D078000200AF7 /* OnboardingAssembly.swift in Sources */ = {isa = PBXBuildFile; fileRef = CBEA68B22C5D078000200AF7 /* OnboardingAssembly.swift */; };
		CBF57B492C57FA34006237E8 /* SnapKit in Frameworks */ = {isa = PBXBuildFile; productRef = CBF57B482C57FA34006237E8 /* SnapKit */; };
		CBF57B4B2C57FA53006237E8 /* ExampleController.swift in Sources */ = {isa = PBXBuildFile; fileRef = CBF57B4A2C57FA53006237E8 /* ExampleController.swift */; };
		CBF57B4E2C57FA83006237E8 /* Example.swift in Sources */ = {isa = PBXBuildFile; fileRef = CBF57B4D2C57FA83006237E8 /* Example.swift */; };
		CBF57B522C57FD2B006237E8 /* ExampleRouter.swift in Sources */ = {isa = PBXBuildFile; fileRef = CBF57B512C57FD2B006237E8 /* ExampleRouter.swift */; };
		CBF57B542C582540006237E8 /* ExampleBuilder.swift in Sources */ = {isa = PBXBuildFile; fileRef = CBF57B532C582540006237E8 /* ExampleBuilder.swift */; };
		CBF57B562C58319D006237E8 /* Builder.swift in Sources */ = {isa = PBXBuildFile; fileRef = CBF57B552C58319D006237E8 /* Builder.swift */; };
		CBF57B592C5835AC006237E8 /* CollectionCell.swift in Sources */ = {isa = PBXBuildFile; fileRef = CBF57B582C5835AC006237E8 /* CollectionCell.swift */; };
		CBF57B5B2C5839EA006237E8 /* ExampleProtocols.swift in Sources */ = {isa = PBXBuildFile; fileRef = CBF57B5A2C5839EA006237E8 /* ExampleProtocols.swift */; };
		CBF57B5D2C583B12006237E8 /* ExampleCellView.swift in Sources */ = {isa = PBXBuildFile; fileRef = CBF57B5C2C583B12006237E8 /* ExampleCellView.swift */; };
		CBF57B5F2C583EA9006237E8 /* ExampleAssembly.swift in Sources */ = {isa = PBXBuildFile; fileRef = CBF57B5E2C583EA9006237E8 /* ExampleAssembly.swift */; };
		CBF57B612C583F67006237E8 /* ExamplePresenter.swift in Sources */ = {isa = PBXBuildFile; fileRef = CBF57B602C583F67006237E8 /* ExamplePresenter.swift */; };
/* End PBXBuildFile section */

/* Begin PBXFileReference section */
		B9A7F0782C5E18B000B11A10 /* StorageManager.swift */ = {isa = PBXFileReference; lastKnownFileType = sourcecode.swift; path = StorageManager.swift; sourceTree = "<group>"; };
		B9CAA28A2C5CC26300B85F47 /* FavoritesProtocol.swift */ = {isa = PBXFileReference; lastKnownFileType = sourcecode.swift; path = FavoritesProtocol.swift; sourceTree = "<group>"; };
		B9CAA28C2C5CC41800B85F47 /* FavStationModel.swift */ = {isa = PBXFileReference; lastKnownFileType = sourcecode.swift; path = FavStationModel.swift; sourceTree = "<group>"; };
		B9CAA28E2C5CC7AA00B85F47 /* FavoritesPresenter.swift */ = {isa = PBXFileReference; lastKnownFileType = sourcecode.swift; path = FavoritesPresenter.swift; sourceTree = "<group>"; };
		B9CAA2902C5CCBEE00B85F47 /* FavoritesBuilder.swift */ = {isa = PBXFileReference; lastKnownFileType = sourcecode.swift; path = FavoritesBuilder.swift; sourceTree = "<group>"; };
		B9CAA2922C5CCC0000B85F47 /* FavoritesAssembly.swift */ = {isa = PBXFileReference; lastKnownFileType = sourcecode.swift; path = FavoritesAssembly.swift; sourceTree = "<group>"; };
		B9CAA2942C5CCC9D00B85F47 /* FavoritesRouter.swift */ = {isa = PBXFileReference; lastKnownFileType = sourcecode.swift; path = FavoritesRouter.swift; sourceTree = "<group>"; };
		B9F3B8D82C59353C00DC97B0 /* FavoritesController.swift */ = {isa = PBXFileReference; lastKnownFileType = sourcecode.swift; path = FavoritesController.swift; sourceTree = "<group>"; };
		B9F3B8DA2C593AC500DC97B0 /* TableCell.swift */ = {isa = PBXFileReference; lastKnownFileType = sourcecode.swift; path = TableCell.swift; sourceTree = "<group>"; };
		B9F3B8DC2C593C3200DC97B0 /* FavoriteRadioView.swift */ = {isa = PBXFileReference; lastKnownFileType = sourcecode.swift; path = FavoriteRadioView.swift; sourceTree = "<group>"; };
		CB2C8C922C5698E400D280FE /* RadioApp.app */ = {isa = PBXFileReference; explicitFileType = wrapper.application; includeInIndex = 0; path = RadioApp.app; sourceTree = BUILT_PRODUCTS_DIR; };
		CB2C8C952C5698E400D280FE /* AppDelegate.swift */ = {isa = PBXFileReference; lastKnownFileType = sourcecode.swift; path = AppDelegate.swift; sourceTree = "<group>"; };
		CB2C8C972C5698E400D280FE /* SceneDelegate.swift */ = {isa = PBXFileReference; lastKnownFileType = sourcecode.swift; path = SceneDelegate.swift; sourceTree = "<group>"; };
		CB2C8C9F2C5698E400D280FE /* RadioApp.xcdatamodel */ = {isa = PBXFileReference; lastKnownFileType = wrapper.xcdatamodel; path = RadioApp.xcdatamodel; sourceTree = "<group>"; };
		CB2C8CA42C5698E600D280FE /* Base */ = {isa = PBXFileReference; lastKnownFileType = file.storyboard; name = Base; path = Base.lproj/LaunchScreen.storyboard; sourceTree = "<group>"; };
		CB2C8CA62C5698E600D280FE /* Info.plist */ = {isa = PBXFileReference; lastKnownFileType = text.plist.xml; path = Info.plist; sourceTree = "<group>"; };
		CB2C8CAF2C5767DF00D280FE /* Router.swift */ = {isa = PBXFileReference; lastKnownFileType = sourcecode.swift; path = Router.swift; sourceTree = "<group>"; };
		CB2C8CB22C5768CB00D280FE /* NavigationController.swift */ = {isa = PBXFileReference; lastKnownFileType = sourcecode.swift; path = NavigationController.swift; sourceTree = "<group>"; };
		CB2C8CB42C576A5C00D280FE /* ViewController.swift */ = {isa = PBXFileReference; lastKnownFileType = sourcecode.swift; path = ViewController.swift; sourceTree = "<group>"; };
		CB2C8CB62C57AACC00D280FE /* ModuleAssembly.swift */ = {isa = PBXFileReference; lastKnownFileType = sourcecode.swift; path = ModuleAssembly.swift; sourceTree = "<group>"; };
		CB2C8CB92C57AB5800D280FE /* Configurable.swift */ = {isa = PBXFileReference; lastKnownFileType = sourcecode.swift; path = Configurable.swift; sourceTree = "<group>"; };
		CB2C8CBF2C57B1A000D280FE /* TabBarController.swift */ = {isa = PBXFileReference; lastKnownFileType = sourcecode.swift; path = TabBarController.swift; sourceTree = "<group>"; };
		CB2C8CC72C57C8AB00D280FE /* Assets.xcassets */ = {isa = PBXFileReference; lastKnownFileType = folder.assetcatalog; path = Assets.xcassets; sourceTree = "<group>"; };
		CBEA68752C5921C600200AF7 /* AuthorizationProtocols.swift */ = {isa = PBXFileReference; lastKnownFileType = sourcecode.swift; path = AuthorizationProtocols.swift; sourceTree = "<group>"; };
		CBEA687B2C5926EC00200AF7 /* AuthorizationRouter.swift */ = {isa = PBXFileReference; lastKnownFileType = sourcecode.swift; path = AuthorizationRouter.swift; sourceTree = "<group>"; };
		CBEA687D2C59272300200AF7 /* AuthorizationBuilder.swift */ = {isa = PBXFileReference; lastKnownFileType = sourcecode.swift; path = AuthorizationBuilder.swift; sourceTree = "<group>"; };
		CBEA687F2C5927CD00200AF7 /* AuthorizationAssembly.swift */ = {isa = PBXFileReference; lastKnownFileType = sourcecode.swift; path = AuthorizationAssembly.swift; sourceTree = "<group>"; };
		CBEA68812C592E3800200AF7 /* AuthorizationController.swift */ = {isa = PBXFileReference; lastKnownFileType = sourcecode.swift; path = AuthorizationController.swift; sourceTree = "<group>"; };
		CBEA68862C59306500200AF7 /* AuthorizationPresenter.swift */ = {isa = PBXFileReference; lastKnownFileType = sourcecode.swift; path = AuthorizationPresenter.swift; sourceTree = "<group>"; };
		CBEA688C2C593FA400200AF7 /* GoogleService-Info.plist */ = {isa = PBXFileReference; fileEncoding = 4; lastKnownFileType = text.plist.xml; path = "GoogleService-Info.plist"; sourceTree = "<group>"; };
		CBEA68952C595B1300200AF7 /* AuthorizationField.swift */ = {isa = PBXFileReference; lastKnownFileType = sourcecode.swift; path = AuthorizationField.swift; sourceTree = "<group>"; };
		CBEA68972C596A2800200AF7 /* UITextField+Padding.swift */ = {isa = PBXFileReference; lastKnownFileType = sourcecode.swift; path = "UITextField+Padding.swift"; sourceTree = "<group>"; };
		CBEA68A02C5BB65500200AF7 /* ForgotPasswordController.swift */ = {isa = PBXFileReference; lastKnownFileType = sourcecode.swift; path = ForgotPasswordController.swift; sourceTree = "<group>"; };
		CBEA68A42C5BB68F00200AF7 /* ForgotPasswordPresenter.swift */ = {isa = PBXFileReference; lastKnownFileType = sourcecode.swift; path = ForgotPasswordPresenter.swift; sourceTree = "<group>"; };
		CBEA68A62C5CDEA700200AF7 /* UpdatePasswordController.swift */ = {isa = PBXFileReference; lastKnownFileType = sourcecode.swift; path = UpdatePasswordController.swift; sourceTree = "<group>"; };
		CBEA68A82C5CDF6B00200AF7 /* UpdatePasswordPresenter.swift */ = {isa = PBXFileReference; lastKnownFileType = sourcecode.swift; path = UpdatePasswordPresenter.swift; sourceTree = "<group>"; };
		CBEA68AB2C5D046100200AF7 /* OnboardingController.swift */ = {isa = PBXFileReference; lastKnownFileType = sourcecode.swift; path = OnboardingController.swift; sourceTree = "<group>"; };
		CBEA68AE2C5D052300200AF7 /* OnboardingPresenter.swift */ = {isa = PBXFileReference; lastKnownFileType = sourcecode.swift; path = OnboardingPresenter.swift; sourceTree = "<group>"; };
		CBEA68B02C5D070700200AF7 /* OnboardingRouter.swift */ = {isa = PBXFileReference; lastKnownFileType = sourcecode.swift; path = OnboardingRouter.swift; sourceTree = "<group>"; };
		CBEA68B22C5D078000200AF7 /* OnboardingAssembly.swift */ = {isa = PBXFileReference; lastKnownFileType = sourcecode.swift; path = OnboardingAssembly.swift; sourceTree = "<group>"; };
		CBF57B4A2C57FA53006237E8 /* ExampleController.swift */ = {isa = PBXFileReference; lastKnownFileType = sourcecode.swift; path = ExampleController.swift; sourceTree = "<group>"; };
		CBF57B4D2C57FA83006237E8 /* Example.swift */ = {isa = PBXFileReference; lastKnownFileType = sourcecode.swift; path = Example.swift; sourceTree = "<group>"; };
		CBF57B512C57FD2B006237E8 /* ExampleRouter.swift */ = {isa = PBXFileReference; lastKnownFileType = sourcecode.swift; path = ExampleRouter.swift; sourceTree = "<group>"; };
		CBF57B532C582540006237E8 /* ExampleBuilder.swift */ = {isa = PBXFileReference; lastKnownFileType = sourcecode.swift; path = ExampleBuilder.swift; sourceTree = "<group>"; };
		CBF57B552C58319D006237E8 /* Builder.swift */ = {isa = PBXFileReference; lastKnownFileType = sourcecode.swift; path = Builder.swift; sourceTree = "<group>"; };
		CBF57B582C5835AC006237E8 /* CollectionCell.swift */ = {isa = PBXFileReference; lastKnownFileType = sourcecode.swift; path = CollectionCell.swift; sourceTree = "<group>"; };
		CBF57B5A2C5839EA006237E8 /* ExampleProtocols.swift */ = {isa = PBXFileReference; lastKnownFileType = sourcecode.swift; path = ExampleProtocols.swift; sourceTree = "<group>"; };
		CBF57B5C2C583B12006237E8 /* ExampleCellView.swift */ = {isa = PBXFileReference; lastKnownFileType = sourcecode.swift; path = ExampleCellView.swift; sourceTree = "<group>"; };
		CBF57B5E2C583EA9006237E8 /* ExampleAssembly.swift */ = {isa = PBXFileReference; lastKnownFileType = sourcecode.swift; path = ExampleAssembly.swift; sourceTree = "<group>"; };
		CBF57B602C583F67006237E8 /* ExamplePresenter.swift */ = {isa = PBXFileReference; lastKnownFileType = sourcecode.swift; path = ExamplePresenter.swift; sourceTree = "<group>"; };
/* End PBXFileReference section */

/* Begin PBXFrameworksBuildPhase section */
		CB2C8C8F2C5698E400D280FE /* Frameworks */ = {
			isa = PBXFrameworksBuildPhase;
			buildActionMask = 2147483647;
			files = (
				CBF57B492C57FA34006237E8 /* SnapKit in Frameworks */,
				CBEA68942C5941B200200AF7 /* FirebaseStorage in Frameworks */,
				CBEA68902C5941B200200AF7 /* FirebaseAuth in Frameworks */,
				CBEA68922C5941B200200AF7 /* FirebaseFirestore in Frameworks */,
			);
			runOnlyForDeploymentPostprocessing = 0;
		};
/* End PBXFrameworksBuildPhase section */

/* Begin PBXGroup section */
		B9CAA2962C5CD48300B85F47 /* Model */ = {
			isa = PBXGroup;
			children = (
				B9CAA28C2C5CC41800B85F47 /* FavStationModel.swift */,
			);
			path = Model;
			sourceTree = "<group>";
		};
		B9CAA2972C5CD48E00B85F47 /* View */ = {
			isa = PBXGroup;
			children = (
				B9F3B8D82C59353C00DC97B0 /* FavoritesController.swift */,
				B9F3B8DC2C593C3200DC97B0 /* FavoriteRadioView.swift */,
			);
			path = View;
			sourceTree = "<group>";
		};
		B9CAA2982C5CD49A00B85F47 /* Presenter */ = {
			isa = PBXGroup;
			children = (
				B9CAA28E2C5CC7AA00B85F47 /* FavoritesPresenter.swift */,
			);
			path = Presenter;
			sourceTree = "<group>";
		};
		B9F3B8D72C59350C00DC97B0 /* Favorites */ = {
			isa = PBXGroup;
			children = (
				B9CAA2972C5CD48E00B85F47 /* View */,
				B9CAA2902C5CCBEE00B85F47 /* FavoritesBuilder.swift */,
				B9CAA2922C5CCC0000B85F47 /* FavoritesAssembly.swift */,
				B9CAA2942C5CCC9D00B85F47 /* FavoritesRouter.swift */,
				B9CAA2982C5CD49A00B85F47 /* Presenter */,
				B9CAA28A2C5CC26300B85F47 /* FavoritesProtocol.swift */,
				B9CAA2962C5CD48300B85F47 /* Model */,
			);
			path = Favorites;
			sourceTree = "<group>";
		};
		CB2C8C892C5698E400D280FE = {
			isa = PBXGroup;
			children = (
				CB2C8C942C5698E400D280FE /* RadioApp */,
				CB2C8C932C5698E400D280FE /* Products */,
			);
			sourceTree = "<group>";
		};
		CB2C8C932C5698E400D280FE /* Products */ = {
			isa = PBXGroup;
			children = (
				CB2C8C922C5698E400D280FE /* RadioApp.app */,
			);
			name = Products;
			sourceTree = "<group>";
		};
		CB2C8C942C5698E400D280FE /* RadioApp */ = {
			isa = PBXGroup;
			children = (
				B9F3B8D72C59350C00DC97B0 /* Favorites */,
				CB2C8C952C5698E400D280FE /* AppDelegate.swift */,
				CB2C8C972C5698E400D280FE /* SceneDelegate.swift */,
				CB2C8CC12C57BC4200D280FE /* TabBar */,
				CBEA68AD2C5D04FB00200AF7 /* Onboarding */,
				CBEA68772C5921CA00200AF7 /* Authorization */,
				CBF57B4C2C57FA59006237E8 /* Example */,
				CBF57B622C584CC4006237E8 /* Presenter */,
				CB2C8CB12C5767E500D280FE /* Base */,
				CB2C8CA32C5698E600D280FE /* LaunchScreen.storyboard */,
				CB2C8CC72C57C8AB00D280FE /* Assets.xcassets */,
				CB2C8CA62C5698E600D280FE /* Info.plist */,
				CBEA688C2C593FA400200AF7 /* GoogleService-Info.plist */,
				CB2C8C9E2C5698E400D280FE /* RadioApp.xcdatamodeld */,
				B9A7F0782C5E18B000B11A10 /* StorageManager.swift */,
			);
			path = RadioApp;
			sourceTree = "<group>";
		};
		CB2C8CB12C5767E500D280FE /* Base */ = {
			isa = PBXGroup;
			children = (
				CBF57B552C58319D006237E8 /* Builder.swift */,
				CB2C8CAF2C5767DF00D280FE /* Router.swift */,
				CB2C8CB22C5768CB00D280FE /* NavigationController.swift */,
				CB2C8CB42C576A5C00D280FE /* ViewController.swift */,
				CB2C8CB82C57AAEA00D280FE /* Protocols */,
				CBF57B572C58359D006237E8 /* Views */,
				CBEA68992C596A2C00200AF7 /* Extensions */,
			);
			path = Base;
			sourceTree = "<group>";
		};
		CB2C8CB82C57AAEA00D280FE /* Protocols */ = {
			isa = PBXGroup;
			children = (
				CB2C8CB62C57AACC00D280FE /* ModuleAssembly.swift */,
				CB2C8CB92C57AB5800D280FE /* Configurable.swift */,
			);
			path = Protocols;
			sourceTree = "<group>";
		};
		CB2C8CC12C57BC4200D280FE /* TabBar */ = {
			isa = PBXGroup;
			children = (
				CB2C8CBF2C57B1A000D280FE /* TabBarController.swift */,
			);
			path = TabBar;
			sourceTree = "<group>";
		};
		CBEA68772C5921CA00200AF7 /* Authorization */ = {
			isa = PBXGroup;
			children = (
				CBEA68752C5921C600200AF7 /* AuthorizationProtocols.swift */,
				CBEA687B2C5926EC00200AF7 /* AuthorizationRouter.swift */,
				CBEA687D2C59272300200AF7 /* AuthorizationBuilder.swift */,
				CBEA687F2C5927CD00200AF7 /* AuthorizationAssembly.swift */,
				CBEA68852C592ECF00200AF7 /* View */,
				CBEA68882C59306800200AF7 /* Presenter */,
				CBEA68A22C5BB65A00200AF7 /* SubVC */,
			);
			path = Authorization;
			sourceTree = "<group>";
		};
		CBEA68852C592ECF00200AF7 /* View */ = {
			isa = PBXGroup;
			children = (
				CBEA68812C592E3800200AF7 /* AuthorizationController.swift */,
				CBEA68952C595B1300200AF7 /* AuthorizationField.swift */,
			);
			path = View;
			sourceTree = "<group>";
		};
		CBEA68882C59306800200AF7 /* Presenter */ = {
			isa = PBXGroup;
			children = (
				CBEA68862C59306500200AF7 /* AuthorizationPresenter.swift */,
			);
			path = Presenter;
			sourceTree = "<group>";
		};
		CBEA68992C596A2C00200AF7 /* Extensions */ = {
			isa = PBXGroup;
			children = (
				CBEA68972C596A2800200AF7 /* UITextField+Padding.swift */,
			);
			path = Extensions;
			sourceTree = "<group>";
		};
		CBEA68A22C5BB65A00200AF7 /* SubVC */ = {
			isa = PBXGroup;
			children = (
				CBEA68A32C5BB66D00200AF7 /* ForgotPassword */,
				CBEA68AA2C5CE22A00200AF7 /* UpdatePassword */,
			);
			path = SubVC;
			sourceTree = "<group>";
		};
		CBEA68A32C5BB66D00200AF7 /* ForgotPassword */ = {
			isa = PBXGroup;
			children = (
				CBEA68A02C5BB65500200AF7 /* ForgotPasswordController.swift */,
				CBEA68A42C5BB68F00200AF7 /* ForgotPasswordPresenter.swift */,
			);
			path = ForgotPassword;
			sourceTree = "<group>";
		};
		CBEA68AA2C5CE22A00200AF7 /* UpdatePassword */ = {
			isa = PBXGroup;
			children = (
				CBEA68A62C5CDEA700200AF7 /* UpdatePasswordController.swift */,
				CBEA68A82C5CDF6B00200AF7 /* UpdatePasswordPresenter.swift */,
			);
			path = UpdatePassword;
			sourceTree = "<group>";
		};
		CBEA68AD2C5D04FB00200AF7 /* Onboarding */ = {
			isa = PBXGroup;
			children = (
				CBEA68AB2C5D046100200AF7 /* OnboardingController.swift */,
				CBEA68AE2C5D052300200AF7 /* OnboardingPresenter.swift */,
				CBEA68B02C5D070700200AF7 /* OnboardingRouter.swift */,
				CBEA68B22C5D078000200AF7 /* OnboardingAssembly.swift */,
			);
			path = Onboarding;
			sourceTree = "<group>";
		};
		CBF57B4C2C57FA59006237E8 /* Example */ = {
			isa = PBXGroup;
			children = (
				CBF57B5A2C5839EA006237E8 /* ExampleProtocols.swift */,
				CBF57B512C57FD2B006237E8 /* ExampleRouter.swift */,
				CBF57B532C582540006237E8 /* ExampleBuilder.swift */,
				CBF57B5E2C583EA9006237E8 /* ExampleAssembly.swift */,
				CBF57B4F2C57FAA6006237E8 /* Model */,
				CBF57B502C57FADD006237E8 /* View */,
			);
			path = Example;
			sourceTree = "<group>";
		};
		CBF57B4F2C57FAA6006237E8 /* Model */ = {
			isa = PBXGroup;
			children = (
				CBF57B4D2C57FA83006237E8 /* Example.swift */,
			);
			path = Model;
			sourceTree = "<group>";
		};
		CBF57B502C57FADD006237E8 /* View */ = {
			isa = PBXGroup;
			children = (
				CBF57B4A2C57FA53006237E8 /* ExampleController.swift */,
				CBF57B5C2C583B12006237E8 /* ExampleCellView.swift */,
			);
			path = View;
			sourceTree = "<group>";
		};
		CBF57B572C58359D006237E8 /* Views */ = {
			isa = PBXGroup;
			children = (
				CBF57B582C5835AC006237E8 /* CollectionCell.swift */,
				B9F3B8DA2C593AC500DC97B0 /* TableCell.swift */,
			);
			path = Views;
			sourceTree = "<group>";
		};
		CBF57B622C584CC4006237E8 /* Presenter */ = {
			isa = PBXGroup;
			children = (
				CBF57B602C583F67006237E8 /* ExamplePresenter.swift */,
			);
			path = Presenter;
			sourceTree = "<group>";
		};
/* End PBXGroup section */

/* Begin PBXNativeTarget section */
		CB2C8C912C5698E400D280FE /* RadioApp */ = {
			isa = PBXNativeTarget;
			buildConfigurationList = CB2C8CA92C5698E600D280FE /* Build configuration list for PBXNativeTarget "RadioApp" */;
			buildPhases = (
				CB2C8C8E2C5698E400D280FE /* Sources */,
				CB2C8C8F2C5698E400D280FE /* Frameworks */,
				CB2C8C902C5698E400D280FE /* Resources */,
			);
			buildRules = (
			);
			dependencies = (
			);
			name = RadioApp;
			packageProductDependencies = (
				CBF57B482C57FA34006237E8 /* SnapKit */,
				CBEA688F2C5941B200200AF7 /* FirebaseAuth */,
				CBEA68912C5941B200200AF7 /* FirebaseFirestore */,
				CBEA68932C5941B200200AF7 /* FirebaseStorage */,
			);
			productName = RadioApp;
			productReference = CB2C8C922C5698E400D280FE /* RadioApp.app */;
			productType = "com.apple.product-type.application";
		};
/* End PBXNativeTarget section */

/* Begin PBXProject section */
		CB2C8C8A2C5698E400D280FE /* Project object */ = {
			isa = PBXProject;
			attributes = {
				BuildIndependentTargetsInParallel = 1;
				LastSwiftUpdateCheck = 1500;
				LastUpgradeCheck = 1500;
				TargetAttributes = {
					CB2C8C912C5698E400D280FE = {
						CreatedOnToolsVersion = 15.0;
					};
				};
			};
			buildConfigurationList = CB2C8C8D2C5698E400D280FE /* Build configuration list for PBXProject "RadioApp" */;
			compatibilityVersion = "Xcode 14.0";
			developmentRegion = en;
			hasScannedForEncodings = 0;
			knownRegions = (
				en,
				Base,
			);
			mainGroup = CB2C8C892C5698E400D280FE;
			packageReferences = (
				CBF57B472C57FA34006237E8 /* XCRemoteSwiftPackageReference "SnapKit" */,
				CBEA688E2C5941B200200AF7 /* XCRemoteSwiftPackageReference "firebase-ios-sdk" */,
			);
			productRefGroup = CB2C8C932C5698E400D280FE /* Products */;
			projectDirPath = "";
			projectRoot = "";
			targets = (
				CB2C8C912C5698E400D280FE /* RadioApp */,
			);
		};
/* End PBXProject section */

/* Begin PBXResourcesBuildPhase section */
		CB2C8C902C5698E400D280FE /* Resources */ = {
			isa = PBXResourcesBuildPhase;
			buildActionMask = 2147483647;
			files = (
				CB2C8CC82C57C8AB00D280FE /* Assets.xcassets in Resources */,
				CB2C8CA52C5698E600D280FE /* LaunchScreen.storyboard in Resources */,
				CBEA688D2C593FA400200AF7 /* GoogleService-Info.plist in Resources */,
			);
			runOnlyForDeploymentPostprocessing = 0;
		};
/* End PBXResourcesBuildPhase section */

/* Begin PBXSourcesBuildPhase section */
		CB2C8C8E2C5698E400D280FE /* Sources */ = {
			isa = PBXSourcesBuildPhase;
			buildActionMask = 2147483647;
			files = (
				CBF57B5F2C583EA9006237E8 /* ExampleAssembly.swift in Sources */,
				CBEA68962C595B1300200AF7 /* AuthorizationField.swift in Sources */,
				CBEA68802C5927CD00200AF7 /* AuthorizationAssembly.swift in Sources */,
				CB2C8CB32C5768CB00D280FE /* NavigationController.swift in Sources */,
				CBEA68982C596A2900200AF7 /* UITextField+Padding.swift in Sources */,
				CBF57B5D2C583B12006237E8 /* ExampleCellView.swift in Sources */,
				CBEA68A92C5CDF6B00200AF7 /* UpdatePasswordPresenter.swift in Sources */,
				CB2C8CA02C5698E400D280FE /* RadioApp.xcdatamodeld in Sources */,
				CBF57B5B2C5839EA006237E8 /* ExampleProtocols.swift in Sources */,
				CB2C8CB02C5767DF00D280FE /* Router.swift in Sources */,
				CBEA68A52C5BB68F00200AF7 /* ForgotPasswordPresenter.swift in Sources */,
				CBEA68B12C5D070700200AF7 /* OnboardingRouter.swift in Sources */,
				B9A7F0792C5E18B000B11A10 /* StorageManager.swift in Sources */,
				CBEA68872C59306500200AF7 /* AuthorizationPresenter.swift in Sources */,
				B9CAA28F2C5CC7AA00B85F47 /* FavoritesPresenter.swift in Sources */,
				B9CAA28D2C5CC41800B85F47 /* FavStationModel.swift in Sources */,
				B9F3B8DB2C593AC500DC97B0 /* TableCell.swift in Sources */,
				B9CAA2912C5CCBEE00B85F47 /* FavoritesBuilder.swift in Sources */,
				B9CAA28B2C5CC26300B85F47 /* FavoritesProtocol.swift in Sources */,
				CB2C8CB52C576A5C00D280FE /* ViewController.swift in Sources */,
				B9CAA2932C5CCC0000B85F47 /* FavoritesAssembly.swift in Sources */,
				CBF57B542C582540006237E8 /* ExampleBuilder.swift in Sources */,
				CB2C8CB72C57AACC00D280FE /* ModuleAssembly.swift in Sources */,
				CBEA68AF2C5D052300200AF7 /* OnboardingPresenter.swift in Sources */,
				CB2C8CBA2C57AB5800D280FE /* Configurable.swift in Sources */,
				CB2C8C962C5698E400D280FE /* AppDelegate.swift in Sources */,
				B9F3B8DD2C593C3200DC97B0 /* FavoriteRadioView.swift in Sources */,
				CB2C8CC02C57B1A000D280FE /* TabBarController.swift in Sources */,
				CBEA68A72C5CDEA700200AF7 /* UpdatePasswordController.swift in Sources */,
				CBEA68B32C5D078000200AF7 /* OnboardingAssembly.swift in Sources */,
				CBF57B612C583F67006237E8 /* ExamplePresenter.swift in Sources */,
				CBEA68A12C5BB65500200AF7 /* ForgotPasswordController.swift in Sources */,
				CBF57B562C58319D006237E8 /* Builder.swift in Sources */,
				CBEA687C2C5926EC00200AF7 /* AuthorizationRouter.swift in Sources */,
				CB2C8C982C5698E400D280FE /* SceneDelegate.swift in Sources */,
				CBF57B4B2C57FA53006237E8 /* ExampleController.swift in Sources */,
				CBF57B4E2C57FA83006237E8 /* Example.swift in Sources */,
				CBEA68762C5921C600200AF7 /* AuthorizationProtocols.swift in Sources */,
				CBEA687E2C59272300200AF7 /* AuthorizationBuilder.swift in Sources */,
				CBEA68AC2C5D046100200AF7 /* OnboardingController.swift in Sources */,
				CBEA68822C592E3800200AF7 /* AuthorizationController.swift in Sources */,
				CBF57B522C57FD2B006237E8 /* ExampleRouter.swift in Sources */,
				B9F3B8D92C59353C00DC97B0 /* FavoritesController.swift in Sources */,
				CBF57B592C5835AC006237E8 /* CollectionCell.swift in Sources */,
				B9CAA2952C5CCC9D00B85F47 /* FavoritesRouter.swift in Sources */,
			);
			runOnlyForDeploymentPostprocessing = 0;
		};
/* End PBXSourcesBuildPhase section */

/* Begin PBXVariantGroup section */
		CB2C8CA32C5698E600D280FE /* LaunchScreen.storyboard */ = {
			isa = PBXVariantGroup;
			children = (
				CB2C8CA42C5698E600D280FE /* Base */,
			);
			name = LaunchScreen.storyboard;
			sourceTree = "<group>";
		};
/* End PBXVariantGroup section */

/* Begin XCBuildConfiguration section */
		CB2C8CA72C5698E600D280FE /* Debug */ = {
			isa = XCBuildConfiguration;
			buildSettings = {
				ALWAYS_SEARCH_USER_PATHS = NO;
				ASSETCATALOG_COMPILER_GENERATE_SWIFT_ASSET_SYMBOL_EXTENSIONS = YES;
				CLANG_ANALYZER_NONNULL = YES;
				CLANG_ANALYZER_NUMBER_OBJECT_CONVERSION = YES_AGGRESSIVE;
				CLANG_CXX_LANGUAGE_STANDARD = "gnu++20";
				CLANG_ENABLE_MODULES = YES;
				CLANG_ENABLE_OBJC_ARC = YES;
				CLANG_ENABLE_OBJC_WEAK = YES;
				CLANG_WARN_BLOCK_CAPTURE_AUTORELEASING = YES;
				CLANG_WARN_BOOL_CONVERSION = YES;
				CLANG_WARN_COMMA = YES;
				CLANG_WARN_CONSTANT_CONVERSION = YES;
				CLANG_WARN_DEPRECATED_OBJC_IMPLEMENTATIONS = YES;
				CLANG_WARN_DIRECT_OBJC_ISA_USAGE = YES_ERROR;
				CLANG_WARN_DOCUMENTATION_COMMENTS = YES;
				CLANG_WARN_EMPTY_BODY = YES;
				CLANG_WARN_ENUM_CONVERSION = YES;
				CLANG_WARN_INFINITE_RECURSION = YES;
				CLANG_WARN_INT_CONVERSION = YES;
				CLANG_WARN_NON_LITERAL_NULL_CONVERSION = YES;
				CLANG_WARN_OBJC_IMPLICIT_RETAIN_SELF = YES;
				CLANG_WARN_OBJC_LITERAL_CONVERSION = YES;
				CLANG_WARN_OBJC_ROOT_CLASS = YES_ERROR;
				CLANG_WARN_QUOTED_INCLUDE_IN_FRAMEWORK_HEADER = YES;
				CLANG_WARN_RANGE_LOOP_ANALYSIS = YES;
				CLANG_WARN_STRICT_PROTOTYPES = YES;
				CLANG_WARN_SUSPICIOUS_MOVE = YES;
				CLANG_WARN_UNGUARDED_AVAILABILITY = YES_AGGRESSIVE;
				CLANG_WARN_UNREACHABLE_CODE = YES;
				CLANG_WARN__DUPLICATE_METHOD_MATCH = YES;
				COPY_PHASE_STRIP = NO;
				DEBUG_INFORMATION_FORMAT = dwarf;
				ENABLE_STRICT_OBJC_MSGSEND = YES;
				ENABLE_TESTABILITY = YES;
				ENABLE_USER_SCRIPT_SANDBOXING = YES;
				GCC_C_LANGUAGE_STANDARD = gnu17;
				GCC_DYNAMIC_NO_PIC = NO;
				GCC_NO_COMMON_BLOCKS = YES;
				GCC_OPTIMIZATION_LEVEL = 0;
				GCC_PREPROCESSOR_DEFINITIONS = (
					"DEBUG=1",
					"$(inherited)",
				);
				GCC_WARN_64_TO_32_BIT_CONVERSION = YES;
				GCC_WARN_ABOUT_RETURN_TYPE = YES_ERROR;
				GCC_WARN_UNDECLARED_SELECTOR = YES;
				GCC_WARN_UNINITIALIZED_AUTOS = YES_AGGRESSIVE;
				GCC_WARN_UNUSED_FUNCTION = YES;
				GCC_WARN_UNUSED_VARIABLE = YES;
				IPHONEOS_DEPLOYMENT_TARGET = 17.0;
				LOCALIZATION_PREFERS_STRING_CATALOGS = YES;
				MTL_ENABLE_DEBUG_INFO = INCLUDE_SOURCE;
				MTL_FAST_MATH = YES;
				ONLY_ACTIVE_ARCH = YES;
				SDKROOT = iphoneos;
				SWIFT_ACTIVE_COMPILATION_CONDITIONS = "DEBUG $(inherited)";
				SWIFT_OPTIMIZATION_LEVEL = "-Onone";
			};
			name = Debug;
		};
		CB2C8CA82C5698E600D280FE /* Release */ = {
			isa = XCBuildConfiguration;
			buildSettings = {
				ALWAYS_SEARCH_USER_PATHS = NO;
				ASSETCATALOG_COMPILER_GENERATE_SWIFT_ASSET_SYMBOL_EXTENSIONS = YES;
				CLANG_ANALYZER_NONNULL = YES;
				CLANG_ANALYZER_NUMBER_OBJECT_CONVERSION = YES_AGGRESSIVE;
				CLANG_CXX_LANGUAGE_STANDARD = "gnu++20";
				CLANG_ENABLE_MODULES = YES;
				CLANG_ENABLE_OBJC_ARC = YES;
				CLANG_ENABLE_OBJC_WEAK = YES;
				CLANG_WARN_BLOCK_CAPTURE_AUTORELEASING = YES;
				CLANG_WARN_BOOL_CONVERSION = YES;
				CLANG_WARN_COMMA = YES;
				CLANG_WARN_CONSTANT_CONVERSION = YES;
				CLANG_WARN_DEPRECATED_OBJC_IMPLEMENTATIONS = YES;
				CLANG_WARN_DIRECT_OBJC_ISA_USAGE = YES_ERROR;
				CLANG_WARN_DOCUMENTATION_COMMENTS = YES;
				CLANG_WARN_EMPTY_BODY = YES;
				CLANG_WARN_ENUM_CONVERSION = YES;
				CLANG_WARN_INFINITE_RECURSION = YES;
				CLANG_WARN_INT_CONVERSION = YES;
				CLANG_WARN_NON_LITERAL_NULL_CONVERSION = YES;
				CLANG_WARN_OBJC_IMPLICIT_RETAIN_SELF = YES;
				CLANG_WARN_OBJC_LITERAL_CONVERSION = YES;
				CLANG_WARN_OBJC_ROOT_CLASS = YES_ERROR;
				CLANG_WARN_QUOTED_INCLUDE_IN_FRAMEWORK_HEADER = YES;
				CLANG_WARN_RANGE_LOOP_ANALYSIS = YES;
				CLANG_WARN_STRICT_PROTOTYPES = YES;
				CLANG_WARN_SUSPICIOUS_MOVE = YES;
				CLANG_WARN_UNGUARDED_AVAILABILITY = YES_AGGRESSIVE;
				CLANG_WARN_UNREACHABLE_CODE = YES;
				CLANG_WARN__DUPLICATE_METHOD_MATCH = YES;
				COPY_PHASE_STRIP = NO;
				DEBUG_INFORMATION_FORMAT = "dwarf-with-dsym";
				ENABLE_NS_ASSERTIONS = NO;
				ENABLE_STRICT_OBJC_MSGSEND = YES;
				ENABLE_USER_SCRIPT_SANDBOXING = YES;
				GCC_C_LANGUAGE_STANDARD = gnu17;
				GCC_NO_COMMON_BLOCKS = YES;
				GCC_WARN_64_TO_32_BIT_CONVERSION = YES;
				GCC_WARN_ABOUT_RETURN_TYPE = YES_ERROR;
				GCC_WARN_UNDECLARED_SELECTOR = YES;
				GCC_WARN_UNINITIALIZED_AUTOS = YES_AGGRESSIVE;
				GCC_WARN_UNUSED_FUNCTION = YES;
				GCC_WARN_UNUSED_VARIABLE = YES;
				IPHONEOS_DEPLOYMENT_TARGET = 17.0;
				LOCALIZATION_PREFERS_STRING_CATALOGS = YES;
				MTL_ENABLE_DEBUG_INFO = NO;
				MTL_FAST_MATH = YES;
				SDKROOT = iphoneos;
				SWIFT_COMPILATION_MODE = wholemodule;
				VALIDATE_PRODUCT = YES;
			};
			name = Release;
		};
		CB2C8CAA2C5698E600D280FE /* Debug */ = {
			isa = XCBuildConfiguration;
			buildSettings = {
				ASSETCATALOG_COMPILER_APPICON_NAME = AppIcon;
				ASSETCATALOG_COMPILER_GLOBAL_ACCENT_COLOR_NAME = AccentColor;
				CODE_SIGN_STYLE = Automatic;
				CURRENT_PROJECT_VERSION = 1;
				DEVELOPMENT_TEAM = Y5B46GH7KM;
				GENERATE_INFOPLIST_FILE = YES;
				INFOPLIST_FILE = RadioApp/Info.plist;
				INFOPLIST_KEY_UIApplicationSupportsIndirectInputEvents = YES;
				INFOPLIST_KEY_UILaunchStoryboardName = LaunchScreen;
				INFOPLIST_KEY_UISupportedInterfaceOrientations = UIInterfaceOrientationPortrait;
				INFOPLIST_KEY_UISupportedInterfaceOrientations_iPad = "UIInterfaceOrientationLandscapeLeft UIInterfaceOrientationLandscapeRight UIInterfaceOrientationPortrait UIInterfaceOrientationPortraitUpsideDown";
				IPHONEOS_DEPLOYMENT_TARGET = 15.0;
				LD_RUNPATH_SEARCH_PATHS = (
					"$(inherited)",
					"@executable_path/Frameworks",
				);
				MARKETING_VERSION = 1.0;
				PRODUCT_BUNDLE_IDENTIFIER = com.MariaNesterova.RadioApp;
				PRODUCT_NAME = "$(TARGET_NAME)";
				SUPPORTED_PLATFORMS = "iphoneos iphonesimulator";
				SUPPORTS_MACCATALYST = NO;
				SUPPORTS_MAC_DESIGNED_FOR_IPHONE_IPAD = NO;
				SWIFT_EMIT_LOC_STRINGS = YES;
				SWIFT_VERSION = 5.0;
				TARGETED_DEVICE_FAMILY = 1;
			};
			name = Debug;
		};
		CB2C8CAB2C5698E600D280FE /* Release */ = {
			isa = XCBuildConfiguration;
			buildSettings = {
				ASSETCATALOG_COMPILER_APPICON_NAME = AppIcon;
				ASSETCATALOG_COMPILER_GLOBAL_ACCENT_COLOR_NAME = AccentColor;
				CODE_SIGN_STYLE = Automatic;
				CURRENT_PROJECT_VERSION = 1;
				DEVELOPMENT_TEAM = Y5B46GH7KM;
				GENERATE_INFOPLIST_FILE = YES;
				INFOPLIST_FILE = RadioApp/Info.plist;
				INFOPLIST_KEY_UIApplicationSupportsIndirectInputEvents = YES;
				INFOPLIST_KEY_UILaunchStoryboardName = LaunchScreen;
				INFOPLIST_KEY_UISupportedInterfaceOrientations = UIInterfaceOrientationPortrait;
				INFOPLIST_KEY_UISupportedInterfaceOrientations_iPad = "UIInterfaceOrientationLandscapeLeft UIInterfaceOrientationLandscapeRight UIInterfaceOrientationPortrait UIInterfaceOrientationPortraitUpsideDown";
				IPHONEOS_DEPLOYMENT_TARGET = 15.0;
				LD_RUNPATH_SEARCH_PATHS = (
					"$(inherited)",
					"@executable_path/Frameworks",
				);
				MARKETING_VERSION = 1.0;
				PRODUCT_BUNDLE_IDENTIFIER = com.MariaNesterova.RadioApp;
				PRODUCT_NAME = "$(TARGET_NAME)";
				SUPPORTED_PLATFORMS = "iphoneos iphonesimulator";
				SUPPORTS_MACCATALYST = NO;
				SUPPORTS_MAC_DESIGNED_FOR_IPHONE_IPAD = NO;
				SWIFT_EMIT_LOC_STRINGS = YES;
				SWIFT_VERSION = 5.0;
				TARGETED_DEVICE_FAMILY = 1;
			};
			name = Release;
		};
/* End XCBuildConfiguration section */

/* Begin XCConfigurationList section */
		CB2C8C8D2C5698E400D280FE /* Build configuration list for PBXProject "RadioApp" */ = {
			isa = XCConfigurationList;
			buildConfigurations = (
				CB2C8CA72C5698E600D280FE /* Debug */,
				CB2C8CA82C5698E600D280FE /* Release */,
			);
			defaultConfigurationIsVisible = 0;
			defaultConfigurationName = Release;
		};
		CB2C8CA92C5698E600D280FE /* Build configuration list for PBXNativeTarget "RadioApp" */ = {
			isa = XCConfigurationList;
			buildConfigurations = (
				CB2C8CAA2C5698E600D280FE /* Debug */,
				CB2C8CAB2C5698E600D280FE /* Release */,
			);
			defaultConfigurationIsVisible = 0;
			defaultConfigurationName = Release;
		};
/* End XCConfigurationList section */

/* Begin XCRemoteSwiftPackageReference section */
		CBEA688E2C5941B200200AF7 /* XCRemoteSwiftPackageReference "firebase-ios-sdk" */ = {
			isa = XCRemoteSwiftPackageReference;
			repositoryURL = "https://github.com/firebase/firebase-ios-sdk";
			requirement = {
				kind = upToNextMajorVersion;
				minimumVersion = 11.0.0;
			};
		};
		CBF57B472C57FA34006237E8 /* XCRemoteSwiftPackageReference "SnapKit" */ = {
			isa = XCRemoteSwiftPackageReference;
			repositoryURL = "https://github.com/SnapKit/SnapKit.git";
			requirement = {
				kind = upToNextMajorVersion;
				minimumVersion = 5.7.1;
			};
		};
/* End XCRemoteSwiftPackageReference section */

/* Begin XCSwiftPackageProductDependency section */
		CBEA688F2C5941B200200AF7 /* FirebaseAuth */ = {
			isa = XCSwiftPackageProductDependency;
			package = CBEA688E2C5941B200200AF7 /* XCRemoteSwiftPackageReference "firebase-ios-sdk" */;
			productName = FirebaseAuth;
		};
		CBEA68912C5941B200200AF7 /* FirebaseFirestore */ = {
			isa = XCSwiftPackageProductDependency;
			package = CBEA688E2C5941B200200AF7 /* XCRemoteSwiftPackageReference "firebase-ios-sdk" */;
			productName = FirebaseFirestore;
		};
		CBEA68932C5941B200200AF7 /* FirebaseStorage */ = {
			isa = XCSwiftPackageProductDependency;
			package = CBEA688E2C5941B200200AF7 /* XCRemoteSwiftPackageReference "firebase-ios-sdk" */;
			productName = FirebaseStorage;
		};
		CBF57B482C57FA34006237E8 /* SnapKit */ = {
			isa = XCSwiftPackageProductDependency;
			package = CBF57B472C57FA34006237E8 /* XCRemoteSwiftPackageReference "SnapKit" */;
			productName = SnapKit;
		};
/* End XCSwiftPackageProductDependency section */

/* Begin XCVersionGroup section */
		CB2C8C9E2C5698E400D280FE /* RadioApp.xcdatamodeld */ = {
			isa = XCVersionGroup;
			children = (
				CB2C8C9F2C5698E400D280FE /* RadioApp.xcdatamodel */,
			);
			currentVersion = CB2C8C9F2C5698E400D280FE /* RadioApp.xcdatamodel */;
			path = RadioApp.xcdatamodeld;
			sourceTree = "<group>";
			versionGroupType = wrapper.xcdatamodel;
		};
/* End XCVersionGroup section */
	};
	rootObject = CB2C8C8A2C5698E400D280FE /* Project object */;
}
