// !$*UTF8*$!
{
	archiveVersion = 1;
	classes = {
	};
	objectVersion = 56;
	objects = {

/* Begin PBXBuildFile section */
		B68A899C2C6085840078B3A4 /* AllStationsController.swift in Sources */ = {isa = PBXBuildFile; fileRef = B68A899B2C6085840078B3A4 /* AllStationsController.swift */; };
		B68A899E2C60873F0078B3A4 /* StationView.swift in Sources */ = {isa = PBXBuildFile; fileRef = B68A899D2C60873E0078B3A4 /* StationView.swift */; };
		B68A89A02C60F1A80078B3A4 /* AllStationsCell.swift in Sources */ = {isa = PBXBuildFile; fileRef = B68A899F2C60F1A70078B3A4 /* AllStationsCell.swift */; };
		B68A89A22C610C6B0078B3A4 /* AllStationsAssembly.swift in Sources */ = {isa = PBXBuildFile; fileRef = B68A89A12C610C6B0078B3A4 /* AllStationsAssembly.swift */; };
		B68A89A42C6115580078B3A4 /* AllStationsRouter.swift in Sources */ = {isa = PBXBuildFile; fileRef = B68A89A32C6115580078B3A4 /* AllStationsRouter.swift */; };
		B6B4527D2C5CE9BC00594354 /* AllStationsPresenter.swift in Sources */ = {isa = PBXBuildFile; fileRef = B6B4527C2C5CE9BC00594354 /* AllStationsPresenter.swift */; };
		B6D5E7902C5A51FB00E83FC0 /* AllStations.swift in Sources */ = {isa = PBXBuildFile; fileRef = B6D5E78E2C5A51FB00E83FC0 /* AllStations.swift */; };
		B6D5E7932C5A52CB00E83FC0 /* AllStationsProtocols.swift in Sources */ = {isa = PBXBuildFile; fileRef = B6D5E7922C5A52CB00E83FC0 /* AllStationsProtocols.swift */; };
		CB2C8C962C5698E400D280FE /* AppDelegate.swift in Sources */ = {isa = PBXBuildFile; fileRef = CB2C8C952C5698E400D280FE /* AppDelegate.swift */; };
		CB2C8C982C5698E400D280FE /* SceneDelegate.swift in Sources */ = {isa = PBXBuildFile; fileRef = CB2C8C972C5698E400D280FE /* SceneDelegate.swift */; };
		CB2C8CA02C5698E400D280FE /* RadioApp.xcdatamodeld in Sources */ = {isa = PBXBuildFile; fileRef = CB2C8C9E2C5698E400D280FE /* RadioApp.xcdatamodeld */; };
		CB2C8CA52C5698E600D280FE /* LaunchScreen.storyboard in Resources */ = {isa = PBXBuildFile; fileRef = CB2C8CA32C5698E600D280FE /* LaunchScreen.storyboard */; };
		CB2C8CB02C5767DF00D280FE /* Router.swift in Sources */ = {isa = PBXBuildFile; fileRef = CB2C8CAF2C5767DF00D280FE /* Router.swift */; };
		CB2C8CB32C5768CB00D280FE /* NavigationController.swift in Sources */ = {isa = PBXBuildFile; fileRef = CB2C8CB22C5768CB00D280FE /* NavigationController.swift */; };
		CB2C8CB52C576A5C00D280FE /* ViewController.swift in Sources */ = {isa = PBXBuildFile; fileRef = CB2C8CB42C576A5C00D280FE /* ViewController.swift */; };
		CB2C8CB72C57AACC00D280FE /* ModuleAssembly.swift in Sources */ = {isa = PBXBuildFile; fileRef = CB2C8CB62C57AACC00D280FE /* ModuleAssembly.swift */; };
		CB2C8CBA2C57AB5800D280FE /* Configurable.swift in Sources */ = {isa = PBXBuildFile; fileRef = CB2C8CB92C57AB5800D280FE /* Configurable.swift */; };
		CB2C8CC02C57B1A000D280FE /* TabBarController.swift in Sources */ = {isa = PBXBuildFile; fileRef = CB2C8CBF2C57B1A000D280FE /* TabBarController.swift */; };
		CB2C8CC82C57C8AB00D280FE /* Assets.xcassets in Resources */ = {isa = PBXBuildFile; fileRef = CB2C8CC72C57C8AB00D280FE /* Assets.xcassets */; };
		CBF57B492C57FA34006237E8 /* SnapKit in Frameworks */ = {isa = PBXBuildFile; productRef = CBF57B482C57FA34006237E8 /* SnapKit */; };
		CBF57B4B2C57FA53006237E8 /* ExampleController.swift in Sources */ = {isa = PBXBuildFile; fileRef = CBF57B4A2C57FA53006237E8 /* ExampleController.swift */; };
		CBF57B4E2C57FA83006237E8 /* Example.swift in Sources */ = {isa = PBXBuildFile; fileRef = CBF57B4D2C57FA83006237E8 /* Example.swift */; };
		CBF57B522C57FD2B006237E8 /* ExampleRouter.swift in Sources */ = {isa = PBXBuildFile; fileRef = CBF57B512C57FD2B006237E8 /* ExampleRouter.swift */; };
		CBF57B542C582540006237E8 /* ExampleBuilder.swift in Sources */ = {isa = PBXBuildFile; fileRef = CBF57B532C582540006237E8 /* ExampleBuilder.swift */; };
		CBF57B562C58319D006237E8 /* Builder.swift in Sources */ = {isa = PBXBuildFile; fileRef = CBF57B552C58319D006237E8 /* Builder.swift */; };
		CBF57B592C5835AC006237E8 /* CollectionCell.swift in Sources */ = {isa = PBXBuildFile; fileRef = CBF57B582C5835AC006237E8 /* CollectionCell.swift */; };
		CBF57B5B2C5839EA006237E8 /* ExampleProtocols.swift in Sources */ = {isa = PBXBuildFile; fileRef = CBF57B5A2C5839EA006237E8 /* ExampleProtocols.swift */; };
		CBF57B5D2C583B12006237E8 /* ExampleCellView.swift in Sources */ = {isa = PBXBuildFile; fileRef = CBF57B5C2C583B12006237E8 /* ExampleCellView.swift */; };
		CBF57B5F2C583EA9006237E8 /* ExampleAssembly.swift in Sources */ = {isa = PBXBuildFile; fileRef = CBF57B5E2C583EA9006237E8 /* ExampleAssembly.swift */; };
		CBF57B612C583F67006237E8 /* ExamplePresenter.swift in Sources */ = {isa = PBXBuildFile; fileRef = CBF57B602C583F67006237E8 /* ExamplePresenter.swift */; };
/* End PBXBuildFile section */

/* Begin PBXFileReference section */
		B68A899B2C6085840078B3A4 /* AllStationsController.swift */ = {isa = PBXFileReference; lastKnownFileType = sourcecode.swift; path = AllStationsController.swift; sourceTree = "<group>"; };
		B68A899D2C60873E0078B3A4 /* StationView.swift */ = {isa = PBXFileReference; lastKnownFileType = sourcecode.swift; path = StationView.swift; sourceTree = "<group>"; };
		B68A899F2C60F1A70078B3A4 /* AllStationsCell.swift */ = {isa = PBXFileReference; lastKnownFileType = sourcecode.swift; path = AllStationsCell.swift; sourceTree = "<group>"; };
		B68A89A12C610C6B0078B3A4 /* AllStationsAssembly.swift */ = {isa = PBXFileReference; lastKnownFileType = sourcecode.swift; path = AllStationsAssembly.swift; sourceTree = "<group>"; };
		B68A89A32C6115580078B3A4 /* AllStationsRouter.swift */ = {isa = PBXFileReference; lastKnownFileType = sourcecode.swift; path = AllStationsRouter.swift; sourceTree = "<group>"; };
		B6B4527C2C5CE9BC00594354 /* AllStationsPresenter.swift */ = {isa = PBXFileReference; lastKnownFileType = sourcecode.swift; path = AllStationsPresenter.swift; sourceTree = "<group>"; };
		B6D5E78E2C5A51FB00E83FC0 /* AllStations.swift */ = {isa = PBXFileReference; fileEncoding = 4; lastKnownFileType = sourcecode.swift; path = AllStations.swift; sourceTree = "<group>"; };
		B6D5E7922C5A52CB00E83FC0 /* AllStationsProtocols.swift */ = {isa = PBXFileReference; lastKnownFileType = sourcecode.swift; path = AllStationsProtocols.swift; sourceTree = "<group>"; };
		CB2C8C922C5698E400D280FE /* RadioApp.app */ = {isa = PBXFileReference; explicitFileType = wrapper.application; includeInIndex = 0; path = RadioApp.app; sourceTree = BUILT_PRODUCTS_DIR; };
		CB2C8C952C5698E400D280FE /* AppDelegate.swift */ = {isa = PBXFileReference; lastKnownFileType = sourcecode.swift; path = AppDelegate.swift; sourceTree = "<group>"; };
		CB2C8C972C5698E400D280FE /* SceneDelegate.swift */ = {isa = PBXFileReference; lastKnownFileType = sourcecode.swift; path = SceneDelegate.swift; sourceTree = "<group>"; };
		CB2C8C9F2C5698E400D280FE /* RadioApp.xcdatamodel */ = {isa = PBXFileReference; lastKnownFileType = wrapper.xcdatamodel; path = RadioApp.xcdatamodel; sourceTree = "<group>"; };
		CB2C8CA42C5698E600D280FE /* Base */ = {isa = PBXFileReference; lastKnownFileType = file.storyboard; name = Base; path = Base.lproj/LaunchScreen.storyboard; sourceTree = "<group>"; };
		CB2C8CA62C5698E600D280FE /* Info.plist */ = {isa = PBXFileReference; lastKnownFileType = text.plist.xml; path = Info.plist; sourceTree = "<group>"; };
		CB2C8CAF2C5767DF00D280FE /* Router.swift */ = {isa = PBXFileReference; lastKnownFileType = sourcecode.swift; path = Router.swift; sourceTree = "<group>"; };
		CB2C8CB22C5768CB00D280FE /* NavigationController.swift */ = {isa = PBXFileReference; lastKnownFileType = sourcecode.swift; path = NavigationController.swift; sourceTree = "<group>"; };
		CB2C8CB42C576A5C00D280FE /* ViewController.swift */ = {isa = PBXFileReference; lastKnownFileType = sourcecode.swift; path = ViewController.swift; sourceTree = "<group>"; };
		CB2C8CB62C57AACC00D280FE /* ModuleAssembly.swift */ = {isa = PBXFileReference; lastKnownFileType = sourcecode.swift; path = ModuleAssembly.swift; sourceTree = "<group>"; };
		CB2C8CB92C57AB5800D280FE /* Configurable.swift */ = {isa = PBXFileReference; lastKnownFileType = sourcecode.swift; path = Configurable.swift; sourceTree = "<group>"; };
		CB2C8CBF2C57B1A000D280FE /* TabBarController.swift */ = {isa = PBXFileReference; lastKnownFileType = sourcecode.swift; path = TabBarController.swift; sourceTree = "<group>"; };
		CB2C8CC72C57C8AB00D280FE /* Assets.xcassets */ = {isa = PBXFileReference; lastKnownFileType = folder.assetcatalog; path = Assets.xcassets; sourceTree = "<group>"; };
		CBF57B4A2C57FA53006237E8 /* ExampleController.swift */ = {isa = PBXFileReference; lastKnownFileType = sourcecode.swift; path = ExampleController.swift; sourceTree = "<group>"; };
		CBF57B4D2C57FA83006237E8 /* Example.swift */ = {isa = PBXFileReference; lastKnownFileType = sourcecode.swift; path = Example.swift; sourceTree = "<group>"; };
		CBF57B512C57FD2B006237E8 /* ExampleRouter.swift */ = {isa = PBXFileReference; lastKnownFileType = sourcecode.swift; path = ExampleRouter.swift; sourceTree = "<group>"; };
		CBF57B532C582540006237E8 /* ExampleBuilder.swift */ = {isa = PBXFileReference; lastKnownFileType = sourcecode.swift; path = ExampleBuilder.swift; sourceTree = "<group>"; };
		CBF57B552C58319D006237E8 /* Builder.swift */ = {isa = PBXFileReference; lastKnownFileType = sourcecode.swift; path = Builder.swift; sourceTree = "<group>"; };
		CBF57B582C5835AC006237E8 /* CollectionCell.swift */ = {isa = PBXFileReference; lastKnownFileType = sourcecode.swift; path = CollectionCell.swift; sourceTree = "<group>"; };
		CBF57B5A2C5839EA006237E8 /* ExampleProtocols.swift */ = {isa = PBXFileReference; lastKnownFileType = sourcecode.swift; path = ExampleProtocols.swift; sourceTree = "<group>"; };
		CBF57B5C2C583B12006237E8 /* ExampleCellView.swift */ = {isa = PBXFileReference; lastKnownFileType = sourcecode.swift; path = ExampleCellView.swift; sourceTree = "<group>"; };
		CBF57B5E2C583EA9006237E8 /* ExampleAssembly.swift */ = {isa = PBXFileReference; lastKnownFileType = sourcecode.swift; path = ExampleAssembly.swift; sourceTree = "<group>"; };
		CBF57B602C583F67006237E8 /* ExamplePresenter.swift */ = {isa = PBXFileReference; lastKnownFileType = sourcecode.swift; path = ExamplePresenter.swift; sourceTree = "<group>"; };
/* End PBXFileReference section */

/* Begin PBXFrameworksBuildPhase section */
		CB2C8C8F2C5698E400D280FE /* Frameworks */ = {
			isa = PBXFrameworksBuildPhase;
			buildActionMask = 2147483647;
			files = (
				CBF57B492C57FA34006237E8 /* SnapKit in Frameworks */,
			);
			runOnlyForDeploymentPostprocessing = 0;
		};
/* End PBXFrameworksBuildPhase section */

/* Begin PBXGroup section */
		B68A899A2C60851E0078B3A4 /* Views */ = {
			isa = PBXGroup;
			children = (
				B68A899B2C6085840078B3A4 /* AllStationsController.swift */,
				B68A899D2C60873E0078B3A4 /* StationView.swift */,
				B68A899F2C60F1A70078B3A4 /* AllStationsCell.swift */,
			);
			path = Views;
			sourceTree = "<group>";
		};
		B6D5E78F2C5A51FB00E83FC0 /* AllStations */ = {
			isa = PBXGroup;
			children = (
				B6D5E7912C5A529900E83FC0 /* Model */,
				B68A899A2C60851E0078B3A4 /* Views */,
				B6D5E7922C5A52CB00E83FC0 /* AllStationsProtocols.swift */,
				B6B4527C2C5CE9BC00594354 /* AllStationsPresenter.swift */,
				B68A89A12C610C6B0078B3A4 /* AllStationsAssembly.swift */,
				B68A89A32C6115580078B3A4 /* AllStationsRouter.swift */,
			);
			path = AllStations;
			sourceTree = "<group>";
		};
		B6D5E7912C5A529900E83FC0 /* Model */ = {
			isa = PBXGroup;
			children = (
				B6D5E78E2C5A51FB00E83FC0 /* AllStations.swift */,
			);
			path = Model;
			sourceTree = "<group>";
		};
		CB2C8C892C5698E400D280FE = {
			isa = PBXGroup;
			children = (
				CB2C8C942C5698E400D280FE /* RadioApp */,
				CB2C8C932C5698E400D280FE /* Products */,
			);
			sourceTree = "<group>";
		};
		CB2C8C932C5698E400D280FE /* Products */ = {
			isa = PBXGroup;
			children = (
				CB2C8C922C5698E400D280FE /* RadioApp.app */,
			);
			name = Products;
			sourceTree = "<group>";
		};
		CB2C8C942C5698E400D280FE /* RadioApp */ = {
			isa = PBXGroup;
			children = (
				CB2C8C952C5698E400D280FE /* AppDelegate.swift */,
				CB2C8C972C5698E400D280FE /* SceneDelegate.swift */,
				CB2C8CC12C57BC4200D280FE /* TabBar */,
				B6D5E78F2C5A51FB00E83FC0 /* AllStations */,
				CBF57B4C2C57FA59006237E8 /* Example */,
				CBF57B622C584CC4006237E8 /* Presenter */,
				CB2C8CB12C5767E500D280FE /* Base */,
				CB2C8CA32C5698E600D280FE /* LaunchScreen.storyboard */,
				CB2C8CC72C57C8AB00D280FE /* Assets.xcassets */,
				CB2C8CA62C5698E600D280FE /* Info.plist */,
				CB2C8C9E2C5698E400D280FE /* RadioApp.xcdatamodeld */,
			);
			path = RadioApp;
			sourceTree = "<group>";
		};
		CB2C8CB12C5767E500D280FE /* Base */ = {
			isa = PBXGroup;
			children = (
				CB2C8CAF2C5767DF00D280FE /* Router.swift */,
				CB2C8CB22C5768CB00D280FE /* NavigationController.swift */,
				CB2C8CB42C576A5C00D280FE /* ViewController.swift */,
				CBF57B552C58319D006237E8 /* Builder.swift */,
				CB2C8CB82C57AAEA00D280FE /* Protocols */,
				CBF57B572C58359D006237E8 /* Views */,
			);
			path = Base;
			sourceTree = "<group>";
		};
		CB2C8CB82C57AAEA00D280FE /* Protocols */ = {
			isa = PBXGroup;
			children = (
				CB2C8CB62C57AACC00D280FE /* ModuleAssembly.swift */,
				CB2C8CB92C57AB5800D280FE /* Configurable.swift */,
			);
			path = Protocols;
			sourceTree = "<group>";
		};
		CB2C8CC12C57BC4200D280FE /* TabBar */ = {
			isa = PBXGroup;
			children = (
				CB2C8CBF2C57B1A000D280FE /* TabBarController.swift */,
			);
			path = TabBar;
			sourceTree = "<group>";
		};
		CBF57B4C2C57FA59006237E8 /* Example */ = {
			isa = PBXGroup;
			children = (
				CBF57B5A2C5839EA006237E8 /* ExampleProtocols.swift */,
				CBF57B512C57FD2B006237E8 /* ExampleRouter.swift */,
				CBF57B532C582540006237E8 /* ExampleBuilder.swift */,
				CBF57B5E2C583EA9006237E8 /* ExampleAssembly.swift */,
				CBF57B4F2C57FAA6006237E8 /* Model */,
				CBF57B502C57FADD006237E8 /* View */,
			);
			path = Example;
			sourceTree = "<group>";
		};
		CBF57B4F2C57FAA6006237E8 /* Model */ = {
			isa = PBXGroup;
			children = (
				CBF57B4D2C57FA83006237E8 /* Example.swift */,
			);
			path = Model;
			sourceTree = "<group>";
		};
		CBF57B502C57FADD006237E8 /* View */ = {
			isa = PBXGroup;
			children = (
				CBF57B4A2C57FA53006237E8 /* ExampleController.swift */,
				CBF57B5C2C583B12006237E8 /* ExampleCellView.swift */,
			);
			path = View;
			sourceTree = "<group>";
		};
		CBF57B572C58359D006237E8 /* Views */ = {
			isa = PBXGroup;
			children = (
				CBF57B582C5835AC006237E8 /* CollectionCell.swift */,
			);
			path = Views;
			sourceTree = "<group>";
		};
		CBF57B622C584CC4006237E8 /* Presenter */ = {
			isa = PBXGroup;
			children = (
				CBF57B602C583F67006237E8 /* ExamplePresenter.swift */,
			);
			path = Presenter;
			sourceTree = "<group>";
		};
/* End PBXGroup section */

/* Begin PBXNativeTarget section */
		CB2C8C912C5698E400D280FE /* RadioApp */ = {
			isa = PBXNativeTarget;
			buildConfigurationList = CB2C8CA92C5698E600D280FE /* Build configuration list for PBXNativeTarget "RadioApp" */;
			buildPhases = (
				CB2C8C8E2C5698E400D280FE /* Sources */,
				CB2C8C8F2C5698E400D280FE /* Frameworks */,
				CB2C8C902C5698E400D280FE /* Resources */,
			);
			buildRules = (
			);
			dependencies = (
			);
			name = RadioApp;
			packageProductDependencies = (
				CBF57B482C57FA34006237E8 /* SnapKit */,
			);
			productName = RadioApp;
			productReference = CB2C8C922C5698E400D280FE /* RadioApp.app */;
			productType = "com.apple.product-type.application";
		};
/* End PBXNativeTarget section */

/* Begin PBXProject section */
		CB2C8C8A2C5698E400D280FE /* Project object */ = {
			isa = PBXProject;
			attributes = {
				BuildIndependentTargetsInParallel = 1;
				LastSwiftUpdateCheck = 1500;
				LastUpgradeCheck = 1500;
				TargetAttributes = {
					CB2C8C912C5698E400D280FE = {
						CreatedOnToolsVersion = 15.0;
					};
				};
			};
			buildConfigurationList = CB2C8C8D2C5698E400D280FE /* Build configuration list for PBXProject "RadioApp" */;
			compatibilityVersion = "Xcode 14.0";
			developmentRegion = en;
			hasScannedForEncodings = 0;
			knownRegions = (
				en,
				Base,
			);
			mainGroup = CB2C8C892C5698E400D280FE;
			packageReferences = (
				CBF57B472C57FA34006237E8 /* XCRemoteSwiftPackageReference "SnapKit" */,
			);
			productRefGroup = CB2C8C932C5698E400D280FE /* Products */;
			projectDirPath = "";
			projectRoot = "";
			targets = (
				CB2C8C912C5698E400D280FE /* RadioApp */,
			);
		};
/* End PBXProject section */

/* Begin PBXResourcesBuildPhase section */
		CB2C8C902C5698E400D280FE /* Resources */ = {
			isa = PBXResourcesBuildPhase;
			buildActionMask = 2147483647;
			files = (
				CB2C8CC82C57C8AB00D280FE /* Assets.xcassets in Resources */,
				CB2C8CA52C5698E600D280FE /* LaunchScreen.storyboard in Resources */,
			);
			runOnlyForDeploymentPostprocessing = 0;
		};
/* End PBXResourcesBuildPhase section */

/* Begin PBXSourcesBuildPhase section */
		CB2C8C8E2C5698E400D280FE /* Sources */ = {
			isa = PBXSourcesBuildPhase;
			buildActionMask = 2147483647;
			files = (
				CBF57B5F2C583EA9006237E8 /* ExampleAssembly.swift in Sources */,
				CB2C8CB32C5768CB00D280FE /* NavigationController.swift in Sources */,
				CBF57B5D2C583B12006237E8 /* ExampleCellView.swift in Sources */,
				B68A89A02C60F1A80078B3A4 /* AllStationsCell.swift in Sources */,
				CB2C8CA02C5698E400D280FE /* RadioApp.xcdatamodeld in Sources */,
				CBF57B5B2C5839EA006237E8 /* ExampleProtocols.swift in Sources */,
				CB2C8CB02C5767DF00D280FE /* Router.swift in Sources */,
				CB2C8CB52C576A5C00D280FE /* ViewController.swift in Sources */,
				CBF57B542C582540006237E8 /* ExampleBuilder.swift in Sources */,
				CB2C8CB72C57AACC00D280FE /* ModuleAssembly.swift in Sources */,
				B6B4527D2C5CE9BC00594354 /* AllStationsPresenter.swift in Sources */,
				CB2C8CBA2C57AB5800D280FE /* Configurable.swift in Sources */,
				B68A89A22C610C6B0078B3A4 /* AllStationsAssembly.swift in Sources */,
				CB2C8C962C5698E400D280FE /* AppDelegate.swift in Sources */,
				B68A899C2C6085840078B3A4 /* AllStationsController.swift in Sources */,
				CB2C8CC02C57B1A000D280FE /* TabBarController.swift in Sources */,
				B6D5E7902C5A51FB00E83FC0 /* AllStations.swift in Sources */,
				CBF57B612C583F67006237E8 /* ExamplePresenter.swift in Sources */,
				CBF57B562C58319D006237E8 /* Builder.swift in Sources */,
				CB2C8C982C5698E400D280FE /* SceneDelegate.swift in Sources */,
				B68A89A42C6115580078B3A4 /* AllStationsRouter.swift in Sources */,
				CBF57B4B2C57FA53006237E8 /* ExampleController.swift in Sources */,
				CBF57B4E2C57FA83006237E8 /* Example.swift in Sources */,
				B6D5E7932C5A52CB00E83FC0 /* AllStationsProtocols.swift in Sources */,
				CBF57B522C57FD2B006237E8 /* ExampleRouter.swift in Sources */,
				B68A899E2C60873F0078B3A4 /* StationView.swift in Sources */,
				CBF57B592C5835AC006237E8 /* CollectionCell.swift in Sources */,
			);
			runOnlyForDeploymentPostprocessing = 0;
		};
/* End PBXSourcesBuildPhase section */

/* Begin PBXVariantGroup section */
		CB2C8CA32C5698E600D280FE /* LaunchScreen.storyboard */ = {
			isa = PBXVariantGroup;
			children = (
				CB2C8CA42C5698E600D280FE /* Base */,
			);
			name = LaunchScreen.storyboard;
			sourceTree = "<group>";
		};
/* End PBXVariantGroup section */

/* Begin XCBuildConfiguration section */
		CB2C8CA72C5698E600D280FE /* Debug */ = {
			isa = XCBuildConfiguration;
			buildSettings = {
				ALWAYS_SEARCH_USER_PATHS = NO;
				ASSETCATALOG_COMPILER_GENERATE_SWIFT_ASSET_SYMBOL_EXTENSIONS = YES;
				CLANG_ANALYZER_NONNULL = YES;
				CLANG_ANALYZER_NUMBER_OBJECT_CONVERSION = YES_AGGRESSIVE;
				CLANG_CXX_LANGUAGE_STANDARD = "gnu++20";
				CLANG_ENABLE_MODULES = YES;
				CLANG_ENABLE_OBJC_ARC = YES;
				CLANG_ENABLE_OBJC_WEAK = YES;
				CLANG_WARN_BLOCK_CAPTURE_AUTORELEASING = YES;
				CLANG_WARN_BOOL_CONVERSION = YES;
				CLANG_WARN_COMMA = YES;
				CLANG_WARN_CONSTANT_CONVERSION = YES;
				CLANG_WARN_DEPRECATED_OBJC_IMPLEMENTATIONS = YES;
				CLANG_WARN_DIRECT_OBJC_ISA_USAGE = YES_ERROR;
				CLANG_WARN_DOCUMENTATION_COMMENTS = YES;
				CLANG_WARN_EMPTY_BODY = YES;
				CLANG_WARN_ENUM_CONVERSION = YES;
				CLANG_WARN_INFINITE_RECURSION = YES;
				CLANG_WARN_INT_CONVERSION = YES;
				CLANG_WARN_NON_LITERAL_NULL_CONVERSION = YES;
				CLANG_WARN_OBJC_IMPLICIT_RETAIN_SELF = YES;
				CLANG_WARN_OBJC_LITERAL_CONVERSION = YES;
				CLANG_WARN_OBJC_ROOT_CLASS = YES_ERROR;
				CLANG_WARN_QUOTED_INCLUDE_IN_FRAMEWORK_HEADER = YES;
				CLANG_WARN_RANGE_LOOP_ANALYSIS = YES;
				CLANG_WARN_STRICT_PROTOTYPES = YES;
				CLANG_WARN_SUSPICIOUS_MOVE = YES;
				CLANG_WARN_UNGUARDED_AVAILABILITY = YES_AGGRESSIVE;
				CLANG_WARN_UNREACHABLE_CODE = YES;
				CLANG_WARN__DUPLICATE_METHOD_MATCH = YES;
				COPY_PHASE_STRIP = NO;
				DEBUG_INFORMATION_FORMAT = dwarf;
				ENABLE_STRICT_OBJC_MSGSEND = YES;
				ENABLE_TESTABILITY = YES;
				ENABLE_USER_SCRIPT_SANDBOXING = YES;
				GCC_C_LANGUAGE_STANDARD = gnu17;
				GCC_DYNAMIC_NO_PIC = NO;
				GCC_NO_COMMON_BLOCKS = YES;
				GCC_OPTIMIZATION_LEVEL = 0;
				GCC_PREPROCESSOR_DEFINITIONS = (
					"DEBUG=1",
					"$(inherited)",
				);
				GCC_WARN_64_TO_32_BIT_CONVERSION = YES;
				GCC_WARN_ABOUT_RETURN_TYPE = YES_ERROR;
				GCC_WARN_UNDECLARED_SELECTOR = YES;
				GCC_WARN_UNINITIALIZED_AUTOS = YES_AGGRESSIVE;
				GCC_WARN_UNUSED_FUNCTION = YES;
				GCC_WARN_UNUSED_VARIABLE = YES;
				IPHONEOS_DEPLOYMENT_TARGET = 17.0;
				LOCALIZATION_PREFERS_STRING_CATALOGS = YES;
				MTL_ENABLE_DEBUG_INFO = INCLUDE_SOURCE;
				MTL_FAST_MATH = YES;
				ONLY_ACTIVE_ARCH = YES;
				SDKROOT = iphoneos;
				SWIFT_ACTIVE_COMPILATION_CONDITIONS = "DEBUG $(inherited)";
				SWIFT_OPTIMIZATION_LEVEL = "-Onone";
			};
			name = Debug;
		};
		CB2C8CA82C5698E600D280FE /* Release */ = {
			isa = XCBuildConfiguration;
			buildSettings = {
				ALWAYS_SEARCH_USER_PATHS = NO;
				ASSETCATALOG_COMPILER_GENERATE_SWIFT_ASSET_SYMBOL_EXTENSIONS = YES;
				CLANG_ANALYZER_NONNULL = YES;
				CLANG_ANALYZER_NUMBER_OBJECT_CONVERSION = YES_AGGRESSIVE;
				CLANG_CXX_LANGUAGE_STANDARD = "gnu++20";
				CLANG_ENABLE_MODULES = YES;
				CLANG_ENABLE_OBJC_ARC = YES;
				CLANG_ENABLE_OBJC_WEAK = YES;
				CLANG_WARN_BLOCK_CAPTURE_AUTORELEASING = YES;
				CLANG_WARN_BOOL_CONVERSION = YES;
				CLANG_WARN_COMMA = YES;
				CLANG_WARN_CONSTANT_CONVERSION = YES;
				CLANG_WARN_DEPRECATED_OBJC_IMPLEMENTATIONS = YES;
				CLANG_WARN_DIRECT_OBJC_ISA_USAGE = YES_ERROR;
				CLANG_WARN_DOCUMENTATION_COMMENTS = YES;
				CLANG_WARN_EMPTY_BODY = YES;
				CLANG_WARN_ENUM_CONVERSION = YES;
				CLANG_WARN_INFINITE_RECURSION = YES;
				CLANG_WARN_INT_CONVERSION = YES;
				CLANG_WARN_NON_LITERAL_NULL_CONVERSION = YES;
				CLANG_WARN_OBJC_IMPLICIT_RETAIN_SELF = YES;
				CLANG_WARN_OBJC_LITERAL_CONVERSION = YES;
				CLANG_WARN_OBJC_ROOT_CLASS = YES_ERROR;
				CLANG_WARN_QUOTED_INCLUDE_IN_FRAMEWORK_HEADER = YES;
				CLANG_WARN_RANGE_LOOP_ANALYSIS = YES;
				CLANG_WARN_STRICT_PROTOTYPES = YES;
				CLANG_WARN_SUSPICIOUS_MOVE = YES;
				CLANG_WARN_UNGUARDED_AVAILABILITY = YES_AGGRESSIVE;
				CLANG_WARN_UNREACHABLE_CODE = YES;
				CLANG_WARN__DUPLICATE_METHOD_MATCH = YES;
				COPY_PHASE_STRIP = NO;
				DEBUG_INFORMATION_FORMAT = "dwarf-with-dsym";
				ENABLE_NS_ASSERTIONS = NO;
				ENABLE_STRICT_OBJC_MSGSEND = YES;
				ENABLE_USER_SCRIPT_SANDBOXING = YES;
				GCC_C_LANGUAGE_STANDARD = gnu17;
				GCC_NO_COMMON_BLOCKS = YES;
				GCC_WARN_64_TO_32_BIT_CONVERSION = YES;
				GCC_WARN_ABOUT_RETURN_TYPE = YES_ERROR;
				GCC_WARN_UNDECLARED_SELECTOR = YES;
				GCC_WARN_UNINITIALIZED_AUTOS = YES_AGGRESSIVE;
				GCC_WARN_UNUSED_FUNCTION = YES;
				GCC_WARN_UNUSED_VARIABLE = YES;
				IPHONEOS_DEPLOYMENT_TARGET = 17.0;
				LOCALIZATION_PREFERS_STRING_CATALOGS = YES;
				MTL_ENABLE_DEBUG_INFO = NO;
				MTL_FAST_MATH = YES;
				SDKROOT = iphoneos;
				SWIFT_COMPILATION_MODE = wholemodule;
				VALIDATE_PRODUCT = YES;
			};
			name = Release;
		};
		CB2C8CAA2C5698E600D280FE /* Debug */ = {
			isa = XCBuildConfiguration;
			buildSettings = {
				ASSETCATALOG_COMPILER_APPICON_NAME = AppIcon;
				ASSETCATALOG_COMPILER_GLOBAL_ACCENT_COLOR_NAME = AccentColor;
				CODE_SIGN_STYLE = Automatic;
				CURRENT_PROJECT_VERSION = 1;
				DEVELOPMENT_TEAM = Y5B46GH7KM;
				GENERATE_INFOPLIST_FILE = YES;
				INFOPLIST_FILE = RadioApp/Info.plist;
				INFOPLIST_KEY_UIApplicationSupportsIndirectInputEvents = YES;
				INFOPLIST_KEY_UILaunchStoryboardName = LaunchScreen;
				INFOPLIST_KEY_UISupportedInterfaceOrientations = UIInterfaceOrientationPortrait;
				INFOPLIST_KEY_UISupportedInterfaceOrientations_iPad = "UIInterfaceOrientationLandscapeLeft UIInterfaceOrientationLandscapeRight UIInterfaceOrientationPortrait UIInterfaceOrientationPortraitUpsideDown";
				IPHONEOS_DEPLOYMENT_TARGET = 15.0;
				LD_RUNPATH_SEARCH_PATHS = (
					"$(inherited)",
					"@executable_path/Frameworks",
				);
				MARKETING_VERSION = 1.0;
				PRODUCT_BUNDLE_IDENTIFIER = com.MariaNesterova.RadioApp;
				PRODUCT_NAME = "$(TARGET_NAME)";
				SUPPORTED_PLATFORMS = "iphoneos iphonesimulator";
				SUPPORTS_MACCATALYST = NO;
				SUPPORTS_MAC_DESIGNED_FOR_IPHONE_IPAD = NO;
				SWIFT_EMIT_LOC_STRINGS = YES;
				SWIFT_VERSION = 5.0;
				TARGETED_DEVICE_FAMILY = 1;
			};
			name = Debug;
		};
		CB2C8CAB2C5698E600D280FE /* Release */ = {
			isa = XCBuildConfiguration;
			buildSettings = {
				ASSETCATALOG_COMPILER_APPICON_NAME = AppIcon;
				ASSETCATALOG_COMPILER_GLOBAL_ACCENT_COLOR_NAME = AccentColor;
				CODE_SIGN_STYLE = Automatic;
				CURRENT_PROJECT_VERSION = 1;
				DEVELOPMENT_TEAM = Y5B46GH7KM;
				GENERATE_INFOPLIST_FILE = YES;
				INFOPLIST_FILE = RadioApp/Info.plist;
				INFOPLIST_KEY_UIApplicationSupportsIndirectInputEvents = YES;
				INFOPLIST_KEY_UILaunchStoryboardName = LaunchScreen;
				INFOPLIST_KEY_UISupportedInterfaceOrientations = UIInterfaceOrientationPortrait;
				INFOPLIST_KEY_UISupportedInterfaceOrientations_iPad = "UIInterfaceOrientationLandscapeLeft UIInterfaceOrientationLandscapeRight UIInterfaceOrientationPortrait UIInterfaceOrientationPortraitUpsideDown";
				IPHONEOS_DEPLOYMENT_TARGET = 15.0;
				LD_RUNPATH_SEARCH_PATHS = (
					"$(inherited)",
					"@executable_path/Frameworks",
				);
				MARKETING_VERSION = 1.0;
				PRODUCT_BUNDLE_IDENTIFIER = com.MariaNesterova.RadioApp;
				PRODUCT_NAME = "$(TARGET_NAME)";
				SUPPORTED_PLATFORMS = "iphoneos iphonesimulator";
				SUPPORTS_MACCATALYST = NO;
				SUPPORTS_MAC_DESIGNED_FOR_IPHONE_IPAD = NO;
				SWIFT_EMIT_LOC_STRINGS = YES;
				SWIFT_VERSION = 5.0;
				TARGETED_DEVICE_FAMILY = 1;
			};
			name = Release;
		};
/* End XCBuildConfiguration section */

/* Begin XCConfigurationList section */
		CB2C8C8D2C5698E400D280FE /* Build configuration list for PBXProject "RadioApp" */ = {
			isa = XCConfigurationList;
			buildConfigurations = (
				CB2C8CA72C5698E600D280FE /* Debug */,
				CB2C8CA82C5698E600D280FE /* Release */,
			);
			defaultConfigurationIsVisible = 0;
			defaultConfigurationName = Release;
		};
		CB2C8CA92C5698E600D280FE /* Build configuration list for PBXNativeTarget "RadioApp" */ = {
			isa = XCConfigurationList;
			buildConfigurations = (
				CB2C8CAA2C5698E600D280FE /* Debug */,
				CB2C8CAB2C5698E600D280FE /* Release */,
			);
			defaultConfigurationIsVisible = 0;
			defaultConfigurationName = Release;
		};
/* End XCConfigurationList section */

/* Begin XCRemoteSwiftPackageReference section */
		CBF57B472C57FA34006237E8 /* XCRemoteSwiftPackageReference "SnapKit" */ = {
			isa = XCRemoteSwiftPackageReference;
			repositoryURL = "https://github.com/SnapKit/SnapKit.git";
			requirement = {
				kind = upToNextMajorVersion;
				minimumVersion = 5.7.1;
			};
		};
/* End XCRemoteSwiftPackageReference section */

/* Begin XCSwiftPackageProductDependency section */
		CBF57B482C57FA34006237E8 /* SnapKit */ = {
			isa = XCSwiftPackageProductDependency;
			package = CBF57B472C57FA34006237E8 /* XCRemoteSwiftPackageReference "SnapKit" */;
			productName = SnapKit;
		};
/* End XCSwiftPackageProductDependency section */

/* Begin XCVersionGroup section */
		CB2C8C9E2C5698E400D280FE /* RadioApp.xcdatamodeld */ = {
			isa = XCVersionGroup;
			children = (
				CB2C8C9F2C5698E400D280FE /* RadioApp.xcdatamodel */,
			);
			currentVersion = CB2C8C9F2C5698E400D280FE /* RadioApp.xcdatamodel */;
			path = RadioApp.xcdatamodeld;
			sourceTree = "<group>";
			versionGroupType = wrapper.xcdatamodel;
		};
/* End XCVersionGroup section */
	};
	rootObject = CB2C8C8A2C5698E400D280FE /* Project object */;
}
